// !$*UTF8*$!
{
	archiveVersion = 1;
	classes = {
	};
	objectVersion = 50;
	objects = {

/* Begin PBXBuildFile section */
		C31731FB2294EAA8007FED62 /* AppDelegate.swift in Sources */ = {isa = PBXBuildFile; fileRef = C31731FA2294EAA8007FED62 /* AppDelegate.swift */; };
		C31731FD2294EAA8007FED62 /* ViewController.swift in Sources */ = {isa = PBXBuildFile; fileRef = C31731FC2294EAA8007FED62 /* ViewController.swift */; };
		C31731FF2294EAA9007FED62 /* Assets.xcassets in Resources */ = {isa = PBXBuildFile; fileRef = C31731FE2294EAA9007FED62 /* Assets.xcassets */; };
		C31732022294EAA9007FED62 /* Main.storyboard in Resources */ = {isa = PBXBuildFile; fileRef = C31732002294EAA9007FED62 /* Main.storyboard */; };
		C317320E2294EAA9007FED62 /* HephaestusTests.swift in Sources */ = {isa = PBXBuildFile; fileRef = C317320D2294EAA9007FED62 /* HephaestusTests.swift */; };
		C31732192294EAA9007FED62 /* HephaestusUITests.swift in Sources */ = {isa = PBXBuildFile; fileRef = C31732182294EAA9007FED62 /* HephaestusUITests.swift */; };
		C3347F18229A9BBE00C54954 /* libusersupport.mpack in Resources */ = {isa = PBXBuildFile; fileRef = C317322C22950CF6007FED62 /* libusersupport.mpack */; };
		C3347F19229A9BBE00C54954 /* osxinjector.mpack in Resources */ = {isa = PBXBuildFile; fileRef = C317322D22950CF6007FED62 /* osxinjector.mpack */; };
		C385D19822D10DD600BBFA77 /* osxsubstrate.mpack in Resources */ = {isa = PBXBuildFile; fileRef = C385D19722D10DD600BBFA77 /* osxsubstrate.mpack */; };
		C385D19A22D2370100BBFA77 /* secureboot.mpack in Resources */ = {isa = PBXBuildFile; fileRef = C385D19922D236F400BBFA77 /* secureboot.mpack */; };
		C385D1D422D23B9900BBFA77 /* title.png in Resources */ = {isa = PBXBuildFile; fileRef = C385D1D322D23B9800BBFA77 /* title.png */; };
		C3D64158229D98ED00F0B5F9 /* CoreLevelCompatibilityLayer.swift in Sources */ = {isa = PBXBuildFile; fileRef = C3D64157229D98ED00F0B5F9 /* CoreLevelCompatibilityLayer.swift */; };
		C3DB6C702298040E00267C9C /* ButtonPlatform_Restore.png in Resources */ = {isa = PBXBuildFile; fileRef = C3DB6C6C2298040E00267C9C /* ButtonPlatform_Restore.png */; };
		C3DB6C722298040E00267C9C /* ButtonPlatform_Start.png in Resources */ = {isa = PBXBuildFile; fileRef = C3DB6C6E2298040E00267C9C /* ButtonPlatform_Start.png */; };
		C3DB6C76229804D500267C9C /* logo.png in Resources */ = {isa = PBXBuildFile; fileRef = C3DB6C75229804D500267C9C /* logo.png */; };
/* End PBXBuildFile section */

/* Begin PBXContainerItemProxy section */
		C317320A2294EAA9007FED62 /* PBXContainerItemProxy */ = {
			isa = PBXContainerItemProxy;
			containerPortal = C31731EF2294EAA8007FED62 /* Project object */;
			proxyType = 1;
			remoteGlobalIDString = C31731F62294EAA8007FED62;
			remoteInfo = Hephaestus;
		};
		C31732152294EAA9007FED62 /* PBXContainerItemProxy */ = {
			isa = PBXContainerItemProxy;
			containerPortal = C31731EF2294EAA8007FED62 /* Project object */;
			proxyType = 1;
			remoteGlobalIDString = C31731F62294EAA8007FED62;
			remoteInfo = Hephaestus;
		};
/* End PBXContainerItemProxy section */

/* Begin PBXFileReference section */
		C31731F72294EAA8007FED62 /* Hephaestus.app */ = {isa = PBXFileReference; explicitFileType = wrapper.application; includeInIndex = 0; path = Hephaestus.app; sourceTree = BUILT_PRODUCTS_DIR; };
		C31731FA2294EAA8007FED62 /* AppDelegate.swift */ = {isa = PBXFileReference; lastKnownFileType = sourcecode.swift; path = AppDelegate.swift; sourceTree = "<group>"; };
		C31731FC2294EAA8007FED62 /* ViewController.swift */ = {isa = PBXFileReference; lastKnownFileType = sourcecode.swift; path = ViewController.swift; sourceTree = "<group>"; };
		C31731FE2294EAA9007FED62 /* Assets.xcassets */ = {isa = PBXFileReference; lastKnownFileType = folder.assetcatalog; path = Assets.xcassets; sourceTree = "<group>"; };
		C31732012294EAA9007FED62 /* Base */ = {isa = PBXFileReference; lastKnownFileType = file.storyboard; name = Base; path = Base.lproj/Main.storyboard; sourceTree = "<group>"; };
		C31732032294EAA9007FED62 /* Info.plist */ = {isa = PBXFileReference; lastKnownFileType = text.plist.xml; path = Info.plist; sourceTree = "<group>"; };
		C31732042294EAA9007FED62 /* Hephaestus.entitlements */ = {isa = PBXFileReference; lastKnownFileType = text.plist.entitlements; path = Hephaestus.entitlements; sourceTree = "<group>"; };
		C31732092294EAA9007FED62 /* HephaestusTests.xctest */ = {isa = PBXFileReference; explicitFileType = wrapper.cfbundle; includeInIndex = 0; path = HephaestusTests.xctest; sourceTree = BUILT_PRODUCTS_DIR; };
		C317320D2294EAA9007FED62 /* HephaestusTests.swift */ = {isa = PBXFileReference; lastKnownFileType = sourcecode.swift; path = HephaestusTests.swift; sourceTree = "<group>"; };
		C317320F2294EAA9007FED62 /* Info.plist */ = {isa = PBXFileReference; lastKnownFileType = text.plist.xml; path = Info.plist; sourceTree = "<group>"; };
		C31732142294EAA9007FED62 /* HephaestusUITests.xctest */ = {isa = PBXFileReference; explicitFileType = wrapper.cfbundle; includeInIndex = 0; path = HephaestusUITests.xctest; sourceTree = BUILT_PRODUCTS_DIR; };
		C31732182294EAA9007FED62 /* HephaestusUITests.swift */ = {isa = PBXFileReference; lastKnownFileType = sourcecode.swift; path = HephaestusUITests.swift; sourceTree = "<group>"; };
		C317321A2294EAA9007FED62 /* Info.plist */ = {isa = PBXFileReference; lastKnownFileType = text.plist.xml; path = Info.plist; sourceTree = "<group>"; };
		C317322C22950CF6007FED62 /* libusersupport.mpack */ = {isa = PBXFileReference; lastKnownFileType = file; path = libusersupport.mpack; sourceTree = "<group>"; };
		C317322D22950CF6007FED62 /* osxinjector.mpack */ = {isa = PBXFileReference; lastKnownFileType = file; path = osxinjector.mpack; sourceTree = "<group>"; };
		C385D19722D10DD600BBFA77 /* osxsubstrate.mpack */ = {isa = PBXFileReference; lastKnownFileType = file; path = osxsubstrate.mpack; sourceTree = "<group>"; };
		C385D19922D236F400BBFA77 /* secureboot.mpack */ = {isa = PBXFileReference; lastKnownFileType = file; path = secureboot.mpack; sourceTree = "<group>"; };
		C385D1D322D23B9800BBFA77 /* title.png */ = {isa = PBXFileReference; lastKnownFileType = image.png; path = title.png; sourceTree = "<group>"; };
		C3D64157229D98ED00F0B5F9 /* CoreLevelCompatibilityLayer.swift */ = {isa = PBXFileReference; fileEncoding = 4; lastKnownFileType = sourcecode.swift; name = CoreLevelCompatibilityLayer.swift; path = "../../Swift-CoreLevelCompatibilityLayer/CoreLevelCompatibilityLayer.swift"; sourceTree = "<group>"; };
		C3DB6C6C2298040E00267C9C /* ButtonPlatform_Restore.png */ = {isa = PBXFileReference; lastKnownFileType = image.png; path = ButtonPlatform_Restore.png; sourceTree = "<group>"; };
		C3DB6C6E2298040E00267C9C /* ButtonPlatform_Start.png */ = {isa = PBXFileReference; lastKnownFileType = image.png; path = ButtonPlatform_Start.png; sourceTree = "<group>"; };
		C3DB6C75229804D500267C9C /* logo.png */ = {isa = PBXFileReference; lastKnownFileType = image.png; path = logo.png; sourceTree = "<group>"; };
/* End PBXFileReference section */

/* Begin PBXFrameworksBuildPhase section */
		C31731F42294EAA8007FED62 /* Frameworks */ = {
			isa = PBXFrameworksBuildPhase;
			buildActionMask = 2147483647;
			files = (
			);
			runOnlyForDeploymentPostprocessing = 0;
		};
		C31732062294EAA9007FED62 /* Frameworks */ = {
			isa = PBXFrameworksBuildPhase;
			buildActionMask = 2147483647;
			files = (
			);
			runOnlyForDeploymentPostprocessing = 0;
		};
		C31732112294EAA9007FED62 /* Frameworks */ = {
			isa = PBXFrameworksBuildPhase;
			buildActionMask = 2147483647;
			files = (
			);
			runOnlyForDeploymentPostprocessing = 0;
		};
/* End PBXFrameworksBuildPhase section */

/* Begin PBXGroup section */
		C31731EE2294EAA8007FED62 = {
			isa = PBXGroup;
			children = (
				C31731F92294EAA8007FED62 /* Hephaestus */,
				C317320C2294EAA9007FED62 /* HephaestusTests */,
				C31732172294EAA9007FED62 /* HephaestusUITests */,
				C31731F82294EAA8007FED62 /* Products */,
				C317322C22950CF6007FED62 /* libusersupport.mpack */,
				C317322D22950CF6007FED62 /* osxinjector.mpack */,
				C385D19722D10DD600BBFA77 /* osxsubstrate.mpack */,
				C385D19922D236F400BBFA77 /* secureboot.mpack */,
				C3DB6C6C2298040E00267C9C /* ButtonPlatform_Restore.png */,
				C3DB6C6E2298040E00267C9C /* ButtonPlatform_Start.png */,
				C3DB6C75229804D500267C9C /* logo.png */,
				C385D1D322D23B9800BBFA77 /* title.png */,
			);
			sourceTree = "<group>";
		};
		C31731F82294EAA8007FED62 /* Products */ = {
			isa = PBXGroup;
			children = (
				C31731F72294EAA8007FED62 /* Hephaestus.app */,
				C31732092294EAA9007FED62 /* HephaestusTests.xctest */,
				C31732142294EAA9007FED62 /* HephaestusUITests.xctest */,
			);
			name = Products;
			sourceTree = "<group>";
		};
		C31731F92294EAA8007FED62 /* Hephaestus */ = {
			isa = PBXGroup;
			children = (
				C31731FA2294EAA8007FED62 /* AppDelegate.swift */,
				C31731FC2294EAA8007FED62 /* ViewController.swift */,
				C31731FE2294EAA9007FED62 /* Assets.xcassets */,
				C31732002294EAA9007FED62 /* Main.storyboard */,
				C31732032294EAA9007FED62 /* Info.plist */,
				C3D64157229D98ED00F0B5F9 /* CoreLevelCompatibilityLayer.swift */,
				C31732042294EAA9007FED62 /* Hephaestus.entitlements */,
			);
			path = Hephaestus;
			sourceTree = "<group>";
		};
		C317320C2294EAA9007FED62 /* HephaestusTests */ = {
			isa = PBXGroup;
			children = (
				C317320D2294EAA9007FED62 /* HephaestusTests.swift */,
				C317320F2294EAA9007FED62 /* Info.plist */,
			);
			path = HephaestusTests;
			sourceTree = "<group>";
		};
		C31732172294EAA9007FED62 /* HephaestusUITests */ = {
			isa = PBXGroup;
			children = (
				C31732182294EAA9007FED62 /* HephaestusUITests.swift */,
				C317321A2294EAA9007FED62 /* Info.plist */,
			);
			path = HephaestusUITests;
			sourceTree = "<group>";
		};
/* End PBXGroup section */

/* Begin PBXNativeTarget section */
		C31731F62294EAA8007FED62 /* Hephaestus */ = {
			isa = PBXNativeTarget;
			buildConfigurationList = C317321D2294EAA9007FED62 /* Build configuration list for PBXNativeTarget "Hephaestus" */;
			buildPhases = (
				C31731F32294EAA8007FED62 /* Sources */,
				C31731F42294EAA8007FED62 /* Frameworks */,
				C31731F52294EAA8007FED62 /* Resources */,
			);
			buildRules = (
			);
			dependencies = (
			);
			name = Hephaestus;
			productName = Hephaestus;
			productReference = C31731F72294EAA8007FED62 /* Hephaestus.app */;
			productType = "com.apple.product-type.application";
		};
		C31732082294EAA9007FED62 /* HephaestusTests */ = {
			isa = PBXNativeTarget;
			buildConfigurationList = C31732202294EAA9007FED62 /* Build configuration list for PBXNativeTarget "HephaestusTests" */;
			buildPhases = (
				C31732052294EAA9007FED62 /* Sources */,
				C31732062294EAA9007FED62 /* Frameworks */,
				C31732072294EAA9007FED62 /* Resources */,
			);
			buildRules = (
			);
			dependencies = (
				C317320B2294EAA9007FED62 /* PBXTargetDependency */,
			);
			name = HephaestusTests;
			productName = HephaestusTests;
			productReference = C31732092294EAA9007FED62 /* HephaestusTests.xctest */;
			productType = "com.apple.product-type.bundle.unit-test";
		};
		C31732132294EAA9007FED62 /* HephaestusUITests */ = {
			isa = PBXNativeTarget;
			buildConfigurationList = C31732232294EAA9007FED62 /* Build configuration list for PBXNativeTarget "HephaestusUITests" */;
			buildPhases = (
				C31732102294EAA9007FED62 /* Sources */,
				C31732112294EAA9007FED62 /* Frameworks */,
				C31732122294EAA9007FED62 /* Resources */,
			);
			buildRules = (
			);
			dependencies = (
				C31732162294EAA9007FED62 /* PBXTargetDependency */,
			);
			name = HephaestusUITests;
			productName = HephaestusUITests;
			productReference = C31732142294EAA9007FED62 /* HephaestusUITests.xctest */;
			productType = "com.apple.product-type.bundle.ui-testing";
		};
/* End PBXNativeTarget section */

/* Begin PBXProject section */
		C31731EF2294EAA8007FED62 /* Project object */ = {
			isa = PBXProject;
			attributes = {
				LastSwiftUpdateCheck = 1020;
				LastUpgradeCheck = 1020;
				ORGANIZATIONNAME = "Hoyoun Song";
				TargetAttributes = {
					C31731F62294EAA8007FED62 = {
						CreatedOnToolsVersion = 10.2.1;
						SystemCapabilities = {
							com.apple.Sandbox = {
								enabled = 0;
							};
						};
					};
					C31732082294EAA9007FED62 = {
						CreatedOnToolsVersion = 10.2.1;
						TestTargetID = C31731F62294EAA8007FED62;
					};
					C31732132294EAA9007FED62 = {
						CreatedOnToolsVersion = 10.2.1;
						TestTargetID = C31731F62294EAA8007FED62;
					};
				};
			};
			buildConfigurationList = C31731F22294EAA8007FED62 /* Build configuration list for PBXProject "Hephaestus" */;
			compatibilityVersion = "Xcode 9.3";
			developmentRegion = en;
			hasScannedForEncodings = 0;
			knownRegions = (
				en,
				Base,
			);
			mainGroup = C31731EE2294EAA8007FED62;
			productRefGroup = C31731F82294EAA8007FED62 /* Products */;
			projectDirPath = "";
			projectRoot = "";
			targets = (
				C31731F62294EAA8007FED62 /* Hephaestus */,
				C31732082294EAA9007FED62 /* HephaestusTests */,
				C31732132294EAA9007FED62 /* HephaestusUITests */,
			);
		};
/* End PBXProject section */

/* Begin PBXResourcesBuildPhase section */
		C31731F52294EAA8007FED62 /* Resources */ = {
			isa = PBXResourcesBuildPhase;
			buildActionMask = 2147483647;
			files = (
				C3347F18229A9BBE00C54954 /* libusersupport.mpack in Resources */,
				C3347F19229A9BBE00C54954 /* osxinjector.mpack in Resources */,
				C385D19A22D2370100BBFA77 /* secureboot.mpack in Resources */,
				C3DB6C722298040E00267C9C /* ButtonPlatform_Start.png in Resources */,
				C385D1D422D23B9900BBFA77 /* title.png in Resources */,
				C31731FF2294EAA9007FED62 /* Assets.xcassets in Resources */,
				C3DB6C76229804D500267C9C /* logo.png in Resources */,
				C31732022294EAA9007FED62 /* Main.storyboard in Resources */,
				C385D19822D10DD600BBFA77 /* osxsubstrate.mpack in Resources */,
				C3DB6C702298040E00267C9C /* ButtonPlatform_Restore.png in Resources */,
			);
			runOnlyForDeploymentPostprocessing = 0;
		};
		C31732072294EAA9007FED62 /* Resources */ = {
			isa = PBXResourcesBuildPhase;
			buildActionMask = 2147483647;
			files = (
			);
			runOnlyForDeploymentPostprocessing = 0;
		};
		C31732122294EAA9007FED62 /* Resources */ = {
			isa = PBXResourcesBuildPhase;
			buildActionMask = 2147483647;
			files = (
			);
			runOnlyForDeploymentPostprocessing = 0;
		};
/* End PBXResourcesBuildPhase section */

/* Begin PBXSourcesBuildPhase section */
		C31731F32294EAA8007FED62 /* Sources */ = {
			isa = PBXSourcesBuildPhase;
			buildActionMask = 2147483647;
			files = (
				C3D64158229D98ED00F0B5F9 /* CoreLevelCompatibilityLayer.swift in Sources */,
				C31731FD2294EAA8007FED62 /* ViewController.swift in Sources */,
				C31731FB2294EAA8007FED62 /* AppDelegate.swift in Sources */,
			);
			runOnlyForDeploymentPostprocessing = 0;
		};
		C31732052294EAA9007FED62 /* Sources */ = {
			isa = PBXSourcesBuildPhase;
			buildActionMask = 2147483647;
			files = (
				C317320E2294EAA9007FED62 /* HephaestusTests.swift in Sources */,
			);
			runOnlyForDeploymentPostprocessing = 0;
		};
		C31732102294EAA9007FED62 /* Sources */ = {
			isa = PBXSourcesBuildPhase;
			buildActionMask = 2147483647;
			files = (
				C31732192294EAA9007FED62 /* HephaestusUITests.swift in Sources */,
			);
			runOnlyForDeploymentPostprocessing = 0;
		};
/* End PBXSourcesBuildPhase section */

/* Begin PBXTargetDependency section */
		C317320B2294EAA9007FED62 /* PBXTargetDependency */ = {
			isa = PBXTargetDependency;
			target = C31731F62294EAA8007FED62 /* Hephaestus */;
			targetProxy = C317320A2294EAA9007FED62 /* PBXContainerItemProxy */;
		};
		C31732162294EAA9007FED62 /* PBXTargetDependency */ = {
			isa = PBXTargetDependency;
			target = C31731F62294EAA8007FED62 /* Hephaestus */;
			targetProxy = C31732152294EAA9007FED62 /* PBXContainerItemProxy */;
		};
/* End PBXTargetDependency section */

/* Begin PBXVariantGroup section */
		C31732002294EAA9007FED62 /* Main.storyboard */ = {
			isa = PBXVariantGroup;
			children = (
				C31732012294EAA9007FED62 /* Base */,
			);
			name = Main.storyboard;
			sourceTree = "<group>";
		};
/* End PBXVariantGroup section */

/* Begin XCBuildConfiguration section */
		C317321B2294EAA9007FED62 /* Debug */ = {
			isa = XCBuildConfiguration;
			buildSettings = {
				ALWAYS_SEARCH_USER_PATHS = NO;
				CLANG_ANALYZER_NONNULL = YES;
				CLANG_ANALYZER_NUMBER_OBJECT_CONVERSION = YES_AGGRESSIVE;
				CLANG_CXX_LANGUAGE_STANDARD = "gnu++14";
				CLANG_CXX_LIBRARY = "libc++";
				CLANG_ENABLE_MODULES = YES;
				CLANG_ENABLE_OBJC_ARC = YES;
				CLANG_ENABLE_OBJC_WEAK = YES;
				CLANG_WARN_BLOCK_CAPTURE_AUTORELEASING = YES;
				CLANG_WARN_BOOL_CONVERSION = YES;
				CLANG_WARN_COMMA = YES;
				CLANG_WARN_CONSTANT_CONVERSION = YES;
				CLANG_WARN_DEPRECATED_OBJC_IMPLEMENTATIONS = YES;
				CLANG_WARN_DIRECT_OBJC_ISA_USAGE = YES_ERROR;
				CLANG_WARN_DOCUMENTATION_COMMENTS = YES;
				CLANG_WARN_EMPTY_BODY = YES;
				CLANG_WARN_ENUM_CONVERSION = YES;
				CLANG_WARN_INFINITE_RECURSION = YES;
				CLANG_WARN_INT_CONVERSION = YES;
				CLANG_WARN_NON_LITERAL_NULL_CONVERSION = YES;
				CLANG_WARN_OBJC_IMPLICIT_RETAIN_SELF = YES;
				CLANG_WARN_OBJC_LITERAL_CONVERSION = YES;
				CLANG_WARN_OBJC_ROOT_CLASS = YES_ERROR;
				CLANG_WARN_RANGE_LOOP_ANALYSIS = YES;
				CLANG_WARN_STRICT_PROTOTYPES = YES;
				CLANG_WARN_SUSPICIOUS_MOVE = YES;
				CLANG_WARN_UNGUARDED_AVAILABILITY = YES_AGGRESSIVE;
				CLANG_WARN_UNREACHABLE_CODE = YES;
				CLANG_WARN__DUPLICATE_METHOD_MATCH = YES;
				CODE_SIGN_IDENTITY = "-";
				COPY_PHASE_STRIP = NO;
				DEBUG_INFORMATION_FORMAT = dwarf;
				ENABLE_STRICT_OBJC_MSGSEND = YES;
				ENABLE_TESTABILITY = YES;
				GCC_C_LANGUAGE_STANDARD = gnu11;
				GCC_DYNAMIC_NO_PIC = NO;
				GCC_NO_COMMON_BLOCKS = YES;
				GCC_OPTIMIZATION_LEVEL = 0;
				GCC_PREPROCESSOR_DEFINITIONS = (
					"DEBUG=1",
					"$(inherited)",
				);
				GCC_WARN_64_TO_32_BIT_CONVERSION = YES;
				GCC_WARN_ABOUT_RETURN_TYPE = YES_ERROR;
				GCC_WARN_UNDECLARED_SELECTOR = YES;
				GCC_WARN_UNINITIALIZED_AUTOS = YES_AGGRESSIVE;
				GCC_WARN_UNUSED_FUNCTION = YES;
				GCC_WARN_UNUSED_VARIABLE = YES;
				MACOSX_DEPLOYMENT_TARGET = 10.14;
				MTL_ENABLE_DEBUG_INFO = INCLUDE_SOURCE;
				MTL_FAST_MATH = YES;
				ONLY_ACTIVE_ARCH = YES;
				SDKROOT = macosx;
				SWIFT_ACTIVE_COMPILATION_CONDITIONS = DEBUG;
				SWIFT_OPTIMIZATION_LEVEL = "-Onone";
			};
			name = Debug;
		};
		C317321C2294EAA9007FED62 /* Release */ = {
			isa = XCBuildConfiguration;
			buildSettings = {
				ALWAYS_SEARCH_USER_PATHS = NO;
				CLANG_ANALYZER_NONNULL = YES;
				CLANG_ANALYZER_NUMBER_OBJECT_CONVERSION = YES_AGGRESSIVE;
				CLANG_CXX_LANGUAGE_STANDARD = "gnu++14";
				CLANG_CXX_LIBRARY = "libc++";
				CLANG_ENABLE_MODULES = YES;
				CLANG_ENABLE_OBJC_ARC = YES;
				CLANG_ENABLE_OBJC_WEAK = YES;
				CLANG_WARN_BLOCK_CAPTURE_AUTORELEASING = YES;
				CLANG_WARN_BOOL_CONVERSION = YES;
				CLANG_WARN_COMMA = YES;
				CLANG_WARN_CONSTANT_CONVERSION = YES;
				CLANG_WARN_DEPRECATED_OBJC_IMPLEMENTATIONS = YES;
				CLANG_WARN_DIRECT_OBJC_ISA_USAGE = YES_ERROR;
				CLANG_WARN_DOCUMENTATION_COMMENTS = YES;
				CLANG_WARN_EMPTY_BODY = YES;
				CLANG_WARN_ENUM_CONVERSION = YES;
				CLANG_WARN_INFINITE_RECURSION = YES;
				CLANG_WARN_INT_CONVERSION = YES;
				CLANG_WARN_NON_LITERAL_NULL_CONVERSION = YES;
				CLANG_WARN_OBJC_IMPLICIT_RETAIN_SELF = YES;
				CLANG_WARN_OBJC_LITERAL_CONVERSION = YES;
				CLANG_WARN_OBJC_ROOT_CLASS = YES_ERROR;
				CLANG_WARN_RANGE_LOOP_ANALYSIS = YES;
				CLANG_WARN_STRICT_PROTOTYPES = YES;
				CLANG_WARN_SUSPICIOUS_MOVE = YES;
				CLANG_WARN_UNGUARDED_AVAILABILITY = YES_AGGRESSIVE;
				CLANG_WARN_UNREACHABLE_CODE = YES;
				CLANG_WARN__DUPLICATE_METHOD_MATCH = YES;
				CODE_SIGN_IDENTITY = "-";
				COPY_PHASE_STRIP = NO;
				DEBUG_INFORMATION_FORMAT = "dwarf-with-dsym";
				ENABLE_NS_ASSERTIONS = NO;
				ENABLE_STRICT_OBJC_MSGSEND = YES;
				GCC_C_LANGUAGE_STANDARD = gnu11;
				GCC_NO_COMMON_BLOCKS = YES;
				GCC_WARN_64_TO_32_BIT_CONVERSION = YES;
				GCC_WARN_ABOUT_RETURN_TYPE = YES_ERROR;
				GCC_WARN_UNDECLARED_SELECTOR = YES;
				GCC_WARN_UNINITIALIZED_AUTOS = YES_AGGRESSIVE;
				GCC_WARN_UNUSED_FUNCTION = YES;
				GCC_WARN_UNUSED_VARIABLE = YES;
				MACOSX_DEPLOYMENT_TARGET = 10.14;
				MTL_ENABLE_DEBUG_INFO = NO;
				MTL_FAST_MATH = YES;
				SDKROOT = macosx;
				SWIFT_COMPILATION_MODE = wholemodule;
				SWIFT_OPTIMIZATION_LEVEL = "-O";
			};
			name = Release;
		};
		C317321E2294EAA9007FED62 /* Debug */ = {
			isa = XCBuildConfiguration;
			buildSettings = {
				ASSETCATALOG_COMPILER_APPICON_NAME = AppIcon;
				CODE_SIGN_STYLE = Automatic;
				COMBINE_HIDPI_IMAGES = YES;
				INFOPLIST_FILE = Hephaestus/Info.plist;
				LD_RUNPATH_SEARCH_PATHS = (
					"$(inherited)",
					"@executable_path/../Frameworks",
				);
				MACOSX_DEPLOYMENT_TARGET = 10.14;
				PRODUCT_BUNDLE_IDENTIFIER = private.hysong.Hephaestus;
				PRODUCT_NAME = "$(TARGET_NAME)";
				SWIFT_VERSION = 5.0;
			};
			name = Debug;
		};
		C317321F2294EAA9007FED62 /* Release */ = {
			isa = XCBuildConfiguration;
			buildSettings = {
				ASSETCATALOG_COMPILER_APPICON_NAME = AppIcon;
				CODE_SIGN_STYLE = Automatic;
				COMBINE_HIDPI_IMAGES = YES;
				INFOPLIST_FILE = Hephaestus/Info.plist;
				LD_RUNPATH_SEARCH_PATHS = (
					"$(inherited)",
					"@executable_path/../Frameworks",
				);
				MACOSX_DEPLOYMENT_TARGET = 10.14;
				PRODUCT_BUNDLE_IDENTIFIER = private.hysong.Hephaestus;
				PRODUCT_NAME = "$(TARGET_NAME)";
				SWIFT_VERSION = 5.0;
			};
			name = Release;
		};
		C31732212294EAA9007FED62 /* Debug */ = {
			isa = XCBuildConfiguration;
			buildSettings = {
				ALWAYS_EMBED_SWIFT_STANDARD_LIBRARIES = YES;
				BUNDLE_LOADER = "$(TEST_HOST)";
				CODE_SIGN_STYLE = Automatic;
				COMBINE_HIDPI_IMAGES = YES;
				INFOPLIST_FILE = HephaestusTests/Info.plist;
				LD_RUNPATH_SEARCH_PATHS = (
					"$(inherited)",
					"@executable_path/../Frameworks",
					"@loader_path/../Frameworks",
				);
				PRODUCT_BUNDLE_IDENTIFIER = private.hysong.HephaestusTests;
				PRODUCT_NAME = "$(TARGET_NAME)";
				SWIFT_VERSION = 5.0;
				TEST_HOST = "$(BUILT_PRODUCTS_DIR)/Hephaestus.app/Contents/MacOS/Hephaestus";
			};
			name = Debug;
		};
		C31732222294EAA9007FED62 /* Release */ = {
			isa = XCBuildConfiguration;
			buildSettings = {
				ALWAYS_EMBED_SWIFT_STANDARD_LIBRARIES = YES;
				BUNDLE_LOADER = "$(TEST_HOST)";
				CODE_SIGN_STYLE = Automatic;
				COMBINE_HIDPI_IMAGES = YES;
				INFOPLIST_FILE = HephaestusTests/Info.plist;
				LD_RUNPATH_SEARCH_PATHS = (
					"$(inherited)",
					"@executable_path/../Frameworks",
					"@loader_path/../Frameworks",
				);
				PRODUCT_BUNDLE_IDENTIFIER = private.hysong.HephaestusTests;
				PRODUCT_NAME = "$(TARGET_NAME)";
				SWIFT_VERSION = 5.0;
				TEST_HOST = "$(BUILT_PRODUCTS_DIR)/Hephaestus.app/Contents/MacOS/Hephaestus";
			};
			name = Release;
		};
		C31732242294EAA9007FED62 /* Debug */ = {
			isa = XCBuildConfiguration;
			buildSettings = {
				ALWAYS_EMBED_SWIFT_STANDARD_LIBRARIES = YES;
				CODE_SIGN_STYLE = Automatic;
				COMBINE_HIDPI_IMAGES = YES;
				INFOPLIST_FILE = HephaestusUITests/Info.plist;
				LD_RUNPATH_SEARCH_PATHS = (
					"$(inherited)",
					"@executable_path/../Frameworks",
					"@loader_path/../Frameworks",
				);
				PRODUCT_BUNDLE_IDENTIFIER = private.hysong.HephaestusUITests;
				PRODUCT_NAME = "$(TARGET_NAME)";
				SWIFT_VERSION = 5.0;
				TEST_TARGET_NAME = Hephaestus;
			};
			name = Debug;
		};
		C31732252294EAA9007FED62 /* Release */ = {
			isa = XCBuildConfiguration;
			buildSettings = {
				ALWAYS_EMBED_SWIFT_STANDARD_LIBRARIES = YES;
				CODE_SIGN_STYLE = Automatic;
				COMBINE_HIDPI_IMAGES = YES;
				INFOPLIST_FILE = HephaestusUITests/Info.plist;
				LD_RUNPATH_SEARCH_PATHS = (
					"$(inherited)",
					"@executable_path/../Frameworks",
					"@loader_path/../Frameworks",
				);
				PRODUCT_BUNDLE_IDENTIFIER = private.hysong.HephaestusUITests;
				PRODUCT_NAME = "$(TARGET_NAME)";
				SWIFT_VERSION = 5.0;
				TEST_TARGET_NAME = Hephaestus;
			};
			name = Release;
		};
/* End XCBuildConfiguration section */

/* Begin XCConfigurationList section */
		C31731F22294EAA8007FED62 /* Build configuration list for PBXProject "Hephaestus" */ = {
			isa = XCConfigurationList;
			buildConfigurations = (
				C317321B2294EAA9007FED62 /* Debug */,
				C317321C2294EAA9007FED62 /* Release */,
			);
			defaultConfigurationIsVisible = 0;
			defaultConfigurationName = Release;
		};
		C317321D2294EAA9007FED62 /* Build configuration list for PBXNativeTarget "Hephaestus" */ = {
			isa = XCConfigurationList;
			buildConfigurations = (
				C317321E2294EAA9007FED62 /* Debug */,
				C317321F2294EAA9007FED62 /* Release */,
			);
			defaultConfigurationIsVisible = 0;
			defaultConfigurationName = Release;
		};
		C31732202294EAA9007FED62 /* Build configuration list for PBXNativeTarget "HephaestusTests" */ = {
			isa = XCConfigurationList;
			buildConfigurations = (
				C31732212294EAA9007FED62 /* Debug */,
				C31732222294EAA9007FED62 /* Release */,
			);
			defaultConfigurationIsVisible = 0;
			defaultConfigurationName = Release;
		};
		C31732232294EAA9007FED62 /* Build configuration list for PBXNativeTarget "HephaestusUITests" */ = {
			isa = XCConfigurationList;
			buildConfigurations = (
				C31732242294EAA9007FED62 /* Debug */,
				C31732252294EAA9007FED62 /* Release */,
			);
			defaultConfigurationIsVisible = 0;
			defaultConfigurationName = Release;
		};
/* End XCConfigurationList section */
	};
	rootObject = C31731EF2294EAA8007FED62 /* Project object */;
}
